
Microsoft Visual Studio Solution File, Format Version 12.00
# Visual Studio 2013
VisualStudioVersion = 12.0.30501.0
MinimumVisualStudioVersion = 10.0.40219.1
Project("{FAE04EC0-301F-11D3-BF4B-00C04F79EFBC}") = "WcfService5-CurrencyConvertor", "WcfService5-CurrencyConvertor\WcfService5-CurrencyConvertor.csproj", "{E6F313B7-B080-472D-A7BF-53102C227173}"
EndProject
Project("{FAE04EC0-301F-11D3-BF4B-00C04F79EFBC}") = "WebApplication1", "WebApplication1\WebApplication1.csproj", "{90DD7F52-6F41-4318-A81A-8DB25EFE2B07}"
	ProjectSection(ProjectDependencies) = postProject
		{E6F313B7-B080-472D-A7BF-53102C227173} = {E6F313B7-B080-472D-A7BF-53102C227173}
	EndProjectSection
EndProject
Global
	GlobalSection(SolutionConfigurationPlatforms) = preSolution
		Debug|Any CPU = Debug|Any CPU
		Release|Any CPU = Release|Any CPU
	EndGlobalSection
	GlobalSection(ProjectConfigurationPlatforms) = postSolution
		{E6F313B7-B080-472D-A7BF-53102C227173}.Debug|Any CPU.ActiveCfg = Debug|Any CPU
		{E6F313B7-B080-472D-A7BF-53102C227173}.Debug|Any CPU.Build.0 = Debug|Any CPU
		{E6F313B7-B080-472D-A7BF-53102C227173}.Release|Any CPU.ActiveCfg = Release|Any CPU
		{E6F313B7-B080-472D-A7BF-53102C227173}.Release|Any CPU.Build.0 = Release|Any CPU
		{90DD7F52-6F41-4318-A81A-8DB25EFE2B07}.Debug|Any CPU.ActiveCfg = Debug|Any CPU
		{90DD7F52-6F41-4318-A81A-8DB25EFE2B07}.Debug|Any CPU.Build.0 = Debug|Any CPU
		{90DD7F52-6F41-4318-A81A-8DB25EFE2B07}.Release|Any CPU.ActiveCfg = Release|Any CPU
		{90DD7F52-6F41-4318-A81A-8DB25EFE2B07}.Release|Any CPU.Build.0 = Release|Any CPU
	EndGlobalSection
	GlobalSection(SolutionProperties) = preSolution
		HideSolutionNode = FALSE
	EndGlobalSection
EndGlobal
